
Microsoft Visual Studio Solution File, Format Version 12.00
# Visual Studio Version 17
VisualStudioVersion = 17.4.33103.184
MinimumVisualStudioVersion = 10.0.40219.1
Project("{888888A0-9F3D-457C-B088-3A5042F75D52}") = "Mi Programa en Python V2.0", "Mi Programa en Python V2.0.pyproj", "{18ECADB9-874D-421C-B8CC-D5DEB0DD7145}"
EndProject
Global
	GlobalSection(SolutionConfigurationPlatforms) = preSolution
		Debug|Any CPU = Debug|Any CPU
		Release|Any CPU = Release|Any CPU
	EndGlobalSection
	GlobalSection(ProjectConfigurationPlatforms) = postSolution
		{18ECADB9-874D-421C-B8CC-D5DEB0DD7145}.Debug|Any CPU.ActiveCfg = Debug|Any CPU
		{18ECADB9-874D-421C-B8CC-D5DEB0DD7145}.Release|Any CPU.ActiveCfg = Release|Any CPU
	EndGlobalSection
	GlobalSection(SolutionProperties) = preSolution
		HideSolutionNode = FALSE
	EndGlobalSection
	GlobalSection(ExtensibilityGlobals) = postSolution
		SolutionGuid = {3E913C09-86BA-43D2-8153-999A46BA90C7}
	EndGlobalSection
EndGlobal
